
Microsoft Visual Studio Solution File, Format Version 12.00
# Visual Studio Version 17
VisualStudioVersion = 17.8.34525.116
MinimumVisualStudioVersion = 10.0.40219.1
Project("{FAE04EC0-301F-11D3-BF4B-00C04F79EFBC}") = "ParallelismAndConcurrency", "ParallelismAndConcurrency\ParallelismAndConcurrency.csproj", "{FAE5C430-FB4E-4F85-A2E6-C1C8EFEB003D}"
EndProject
Global
	GlobalSection(SolutionConfigurationPlatforms) = preSolution
		Debug|Any CPU = Debug|Any CPU
		Release|Any CPU = Release|Any CPU
	EndGlobalSection
	GlobalSection(ProjectConfigurationPlatforms) = postSolution
		{FAE5C430-FB4E-4F85-A2E6-C1C8EFEB003D}.Debug|Any CPU.ActiveCfg = Debug|Any CPU
		{FAE5C430-FB4E-4F85-A2E6-C1C8EFEB003D}.Debug|Any CPU.Build.0 = Debug|Any CPU
		{FAE5C430-FB4E-4F85-A2E6-C1C8EFEB003D}.Release|Any CPU.ActiveCfg = Release|Any CPU
		{FAE5C430-FB4E-4F85-A2E6-C1C8EFEB003D}.Release|Any CPU.Build.0 = Release|Any CPU
	EndGlobalSection
	GlobalSection(SolutionProperties) = preSolution
		HideSolutionNode = FALSE
	EndGlobalSection
	GlobalSection(ExtensibilityGlobals) = postSolution
		SolutionGuid = {F47A68BC-BDE0-490E-AF24-2A3B99D08E55}
	EndGlobalSection
EndGlobal
